
Microsoft Visual Studio Solution File, Format Version 12.00
# Visual Studio Version 17
VisualStudioVersion = 17.13.35913.81 d17.13
MinimumVisualStudioVersion = 10.0.40219.1
Project("{FAE04EC0-301F-11D3-BF4B-00C04F79EFBC}") = "TODO-API-net", "TODO-API-net\TODO-API-net.csproj", "{185A9853-D883-4B68-AF0A-9FA06F20D2F9}"
EndProject
Global
	GlobalSection(SolutionConfigurationPlatforms) = preSolution
		Debug|Any CPU = Debug|Any CPU
		Release|Any CPU = Release|Any CPU
	EndGlobalSection
	GlobalSection(ProjectConfigurationPlatforms) = postSolution
		{185A9853-D883-4B68-AF0A-9FA06F20D2F9}.Debug|Any CPU.ActiveCfg = Debug|Any CPU
		{185A9853-D883-4B68-AF0A-9FA06F20D2F9}.Debug|Any CPU.Build.0 = Debug|Any CPU
		{185A9853-D883-4B68-AF0A-9FA06F20D2F9}.Release|Any CPU.ActiveCfg = Release|Any CPU
		{185A9853-D883-4B68-AF0A-9FA06F20D2F9}.Release|Any CPU.Build.0 = Release|Any CPU
	EndGlobalSection
	GlobalSection(SolutionProperties) = preSolution
		HideSolutionNode = FALSE
	EndGlobalSection
	GlobalSection(ExtensibilityGlobals) = postSolution
		SolutionGuid = {78792CB4-EECD-4971-98C4-EE4C6F7603A1}
	EndGlobalSection
EndGlobal
